// !$*UTF8*$!
{
	archiveVersion = 1;
	classes = {
	};
	objectVersion = 50;
	objects = {

/* Begin PBXBuildFile section */
		8CAE09572467D3F900CB54FA /* AppDelegate.swift in Sources */ = {isa = PBXBuildFile; fileRef = 8CAE09562467D3F900CB54FA /* AppDelegate.swift */; };
		8CAE09592467D3F900CB54FA /* SceneDelegate.swift in Sources */ = {isa = PBXBuildFile; fileRef = 8CAE09582467D3F900CB54FA /* SceneDelegate.swift */; };
		8CAE095E2467D3F900CB54FA /* Main.storyboard in Resources */ = {isa = PBXBuildFile; fileRef = 8CAE095C2467D3F900CB54FA /* Main.storyboard */; };
		8CAE09602467D3F900CB54FA /* Assets.xcassets in Resources */ = {isa = PBXBuildFile; fileRef = 8CAE095F2467D3F900CB54FA /* Assets.xcassets */; };
		8CAE09632467D3F900CB54FA /* LaunchScreen.storyboard in Resources */ = {isa = PBXBuildFile; fileRef = 8CAE09612467D3F900CB54FA /* LaunchScreen.storyboard */; };
		8CAE096E2467EA3100CB54FA /* CountTimer.swift in Sources */ = {isa = PBXBuildFile; fileRef = 8CAE096D2467EA3100CB54FA /* CountTimer.swift */; };
		8CAE09702467EA4100CB54FA /* Image.swift in Sources */ = {isa = PBXBuildFile; fileRef = 8CAE096F2467EA4100CB54FA /* Image.swift */; };
		8CAE09722467EA7200CB54FA /* FirstViewController.swift in Sources */ = {isa = PBXBuildFile; fileRef = 8CAE09712467EA7200CB54FA /* FirstViewController.swift */; };
		8CAE09742467EA8500CB54FA /* GameViewController.swift in Sources */ = {isa = PBXBuildFile; fileRef = 8CAE09732467EA8500CB54FA /* GameViewController.swift */; };
		8CAE09762467EAA700CB54FA /* ResultViewController.swift in Sources */ = {isa = PBXBuildFile; fileRef = 8CAE09752467EAA700CB54FA /* ResultViewController.swift */; };
		8CAE09782467EB5000CB54FA /* Animation.swift in Sources */ = {isa = PBXBuildFile; fileRef = 8CAE09772467EB5000CB54FA /* Animation.swift */; };
		8CD9805E2468404A0010333E /* Swipe.swift in Sources */ = {isa = PBXBuildFile; fileRef = 8CD9805D2468404A0010333E /* Swipe.swift */; };
		8CD98060246C11390010333E /* Record.swift in Sources */ = {isa = PBXBuildFile; fileRef = 8CD9805F246C11390010333E /* Record.swift */; };
/* End PBXBuildFile section */

/* Begin PBXFileReference section */
		8CAE09532467D3F900CB54FA /* N'sSimpleGame.app */ = {isa = PBXFileReference; explicitFileType = wrapper.application; includeInIndex = 0; path = "N'sSimpleGame.app"; sourceTree = BUILT_PRODUCTS_DIR; };
		8CAE09562467D3F900CB54FA /* AppDelegate.swift */ = {isa = PBXFileReference; lastKnownFileType = sourcecode.swift; path = AppDelegate.swift; sourceTree = "<group>"; };
		8CAE09582467D3F900CB54FA /* SceneDelegate.swift */ = {isa = PBXFileReference; lastKnownFileType = sourcecode.swift; path = SceneDelegate.swift; sourceTree = "<group>"; };
		8CAE095D2467D3F900CB54FA /* Base */ = {isa = PBXFileReference; lastKnownFileType = file.storyboard; name = Base; path = Base.lproj/Main.storyboard; sourceTree = "<group>"; };
		8CAE095F2467D3F900CB54FA /* Assets.xcassets */ = {isa = PBXFileReference; lastKnownFileType = folder.assetcatalog; path = Assets.xcassets; sourceTree = "<group>"; };
		8CAE09622467D3F900CB54FA /* Base */ = {isa = PBXFileReference; lastKnownFileType = file.storyboard; name = Base; path = Base.lproj/LaunchScreen.storyboard; sourceTree = "<group>"; };
		8CAE09642467D3F900CB54FA /* Info.plist */ = {isa = PBXFileReference; lastKnownFileType = text.plist.xml; path = Info.plist; sourceTree = "<group>"; };
		8CAE096D2467EA3100CB54FA /* CountTimer.swift */ = {isa = PBXFileReference; lastKnownFileType = sourcecode.swift; path = CountTimer.swift; sourceTree = "<group>"; };
		8CAE096F2467EA4100CB54FA /* Image.swift */ = {isa = PBXFileReference; lastKnownFileType = sourcecode.swift; path = Image.swift; sourceTree = "<group>"; };
		8CAE09712467EA7200CB54FA /* FirstViewController.swift */ = {isa = PBXFileReference; lastKnownFileType = sourcecode.swift; path = FirstViewController.swift; sourceTree = "<group>"; };
		8CAE09732467EA8500CB54FA /* GameViewController.swift */ = {isa = PBXFileReference; lastKnownFileType = sourcecode.swift; path = GameViewController.swift; sourceTree = "<group>"; };
		8CAE09752467EAA700CB54FA /* ResultViewController.swift */ = {isa = PBXFileReference; lastKnownFileType = sourcecode.swift; path = ResultViewController.swift; sourceTree = "<group>"; };
		8CAE09772467EB5000CB54FA /* Animation.swift */ = {isa = PBXFileReference; lastKnownFileType = sourcecode.swift; path = Animation.swift; sourceTree = "<group>"; };
		8CD9805D2468404A0010333E /* Swipe.swift */ = {isa = PBXFileReference; lastKnownFileType = sourcecode.swift; path = Swipe.swift; sourceTree = "<group>"; };
		8CD9805F246C11390010333E /* Record.swift */ = {isa = PBXFileReference; lastKnownFileType = sourcecode.swift; path = Record.swift; sourceTree = "<group>"; };
/* End PBXFileReference section */

/* Begin PBXFrameworksBuildPhase section */
		8CAE09502467D3F900CB54FA /* Frameworks */ = {
			isa = PBXFrameworksBuildPhase;
			buildActionMask = 2147483647;
			files = (
			);
			runOnlyForDeploymentPostprocessing = 0;
		};
/* End PBXFrameworksBuildPhase section */

/* Begin PBXGroup section */
		8CAE094A2467D3F900CB54FA = {
			isa = PBXGroup;
			children = (
				8CAE09552467D3F900CB54FA /* N'sSimpleGame */,
				8CAE09542467D3F900CB54FA /* Products */,
			);
			sourceTree = "<group>";
		};
		8CAE09542467D3F900CB54FA /* Products */ = {
			isa = PBXGroup;
			children = (
				8CAE09532467D3F900CB54FA /* N'sSimpleGame.app */,
			);
			name = Products;
			sourceTree = "<group>";
		};
		8CAE09552467D3F900CB54FA /* N'sSimpleGame */ = {
			isa = PBXGroup;
			children = (
				8CAE096C2467D43500CB54FA /* Model */,
				8CAE096A2467D41600CB54FA /* View */,
				8CAE096B2467D42800CB54FA /* Controller */,
				8CAE09642467D3F900CB54FA /* Info.plist */,
			);
			path = "N'sSimpleGame";
			sourceTree = "<group>";
		};
		8CAE096A2467D41600CB54FA /* View */ = {
			isa = PBXGroup;
			children = (
				8CAE095C2467D3F900CB54FA /* Main.storyboard */,
				8CAE095F2467D3F900CB54FA /* Assets.xcassets */,
				8CAE09612467D3F900CB54FA /* LaunchScreen.storyboard */,
			);
			path = View;
			sourceTree = "<group>";
		};
		8CAE096B2467D42800CB54FA /* Controller */ = {
			isa = PBXGroup;
			children = (
				8CAE09562467D3F900CB54FA /* AppDelegate.swift */,
				8CAE09582467D3F900CB54FA /* SceneDelegate.swift */,
				8CAE09712467EA7200CB54FA /* FirstViewController.swift */,
				8CAE09732467EA8500CB54FA /* GameViewController.swift */,
				8CAE09752467EAA700CB54FA /* ResultViewController.swift */,
			);
			path = Controller;
			sourceTree = "<group>";
		};
		8CAE096C2467D43500CB54FA /* Model */ = {
			isa = PBXGroup;
			children = (
				8CAE096D2467EA3100CB54FA /* CountTimer.swift */,
				8CAE096F2467EA4100CB54FA /* Image.swift */,
				8CAE09772467EB5000CB54FA /* Animation.swift */,
				8CD9805D2468404A0010333E /* Swipe.swift */,
				8CD9805F246C11390010333E /* Record.swift */,
			);
			path = Model;
			sourceTree = "<group>";
		};
/* End PBXGroup section */

/* Begin PBXNativeTarget section */
		8CAE09522467D3F900CB54FA /* N'sSimpleGame */ = {
			isa = PBXNativeTarget;
			buildConfigurationList = 8CAE09672467D3F900CB54FA /* Build configuration list for PBXNativeTarget "N'sSimpleGame" */;
			buildPhases = (
				8CAE094F2467D3F900CB54FA /* Sources */,
				8CAE09502467D3F900CB54FA /* Frameworks */,
				8CAE09512467D3F900CB54FA /* Resources */,
			);
			buildRules = (
			);
			dependencies = (
			);
			name = "N'sSimpleGame";
			productName = "N'sSimpleGame";
			productReference = 8CAE09532467D3F900CB54FA /* N'sSimpleGame.app */;
			productType = "com.apple.product-type.application";
		};
/* End PBXNativeTarget section */

/* Begin PBXProject section */
		8CAE094B2467D3F900CB54FA /* Project object */ = {
			isa = PBXProject;
			attributes = {
				LastSwiftUpdateCheck = 1140;
				LastUpgradeCheck = 1140;
				ORGANIZATIONNAME = "尾原徳泰";
				TargetAttributes = {
					8CAE09522467D3F900CB54FA = {
						CreatedOnToolsVersion = 11.4.1;
					};
				};
			};
			buildConfigurationList = 8CAE094E2467D3F900CB54FA /* Build configuration list for PBXProject "N'sSimpleGame" */;
			compatibilityVersion = "Xcode 9.3";
			developmentRegion = en;
			hasScannedForEncodings = 0;
			knownRegions = (
				en,
				Base,
			);
			mainGroup = 8CAE094A2467D3F900CB54FA;
			productRefGroup = 8CAE09542467D3F900CB54FA /* Products */;
			projectDirPath = "";
			projectRoot = "";
			targets = (
				8CAE09522467D3F900CB54FA /* N'sSimpleGame */,
			);
		};
/* End PBXProject section */

/* Begin PBXResourcesBuildPhase section */
		8CAE09512467D3F900CB54FA /* Resources */ = {
			isa = PBXResourcesBuildPhase;
			buildActionMask = 2147483647;
			files = (
				8CAE09632467D3F900CB54FA /* LaunchScreen.storyboard in Resources */,
				8CAE09602467D3F900CB54FA /* Assets.xcassets in Resources */,
				8CAE095E2467D3F900CB54FA /* Main.storyboard in Resources */,
			);
			runOnlyForDeploymentPostprocessing = 0;
		};
/* End PBXResourcesBuildPhase section */

/* Begin PBXSourcesBuildPhase section */
		8CAE094F2467D3F900CB54FA /* Sources */ = {
			isa = PBXSourcesBuildPhase;
			buildActionMask = 2147483647;
			files = (
				8CD9805E2468404A0010333E /* Swipe.swift in Sources */,
				8CAE09722467EA7200CB54FA /* FirstViewController.swift in Sources */,
				8CAE09572467D3F900CB54FA /* AppDelegate.swift in Sources */,
				8CAE09782467EB5000CB54FA /* Animation.swift in Sources */,
				8CAE09762467EAA700CB54FA /* ResultViewController.swift in Sources */,
				8CD98060246C11390010333E /* Record.swift in Sources */,
				8CAE09592467D3F900CB54FA /* SceneDelegate.swift in Sources */,
				8CAE096E2467EA3100CB54FA /* CountTimer.swift in Sources */,
				8CAE09742467EA8500CB54FA /* GameViewController.swift in Sources */,
				8CAE09702467EA4100CB54FA /* Image.swift in Sources */,
			);
			runOnlyForDeploymentPostprocessing = 0;
		};
/* End PBXSourcesBuildPhase section */

/* Begin PBXVariantGroup section */
		8CAE095C2467D3F900CB54FA /* Main.storyboard */ = {
			isa = PBXVariantGroup;
			children = (
				8CAE095D2467D3F900CB54FA /* Base */,
			);
			name = Main.storyboard;
			sourceTree = "<group>";
		};
		8CAE09612467D3F900CB54FA /* LaunchScreen.storyboard */ = {
			isa = PBXVariantGroup;
			children = (
				8CAE09622467D3F900CB54FA /* Base */,
			);
			name = LaunchScreen.storyboard;
			sourceTree = "<group>";
		};
/* End PBXVariantGroup section */

/* Begin XCBuildConfiguration section */
		8CAE09652467D3F900CB54FA /* Debug */ = {
			isa = XCBuildConfiguration;
			buildSettings = {
				ALWAYS_SEARCH_USER_PATHS = NO;
				CLANG_ANALYZER_NONNULL = YES;
				CLANG_ANALYZER_NUMBER_OBJECT_CONVERSION = YES_AGGRESSIVE;
				CLANG_CXX_LANGUAGE_STANDARD = "gnu++14";
				CLANG_CXX_LIBRARY = "libc++";
				CLANG_ENABLE_MODULES = YES;
				CLANG_ENABLE_OBJC_ARC = YES;
				CLANG_ENABLE_OBJC_WEAK = YES;
				CLANG_WARN_BLOCK_CAPTURE_AUTORELEASING = YES;
				CLANG_WARN_BOOL_CONVERSION = YES;
				CLANG_WARN_COMMA = YES;
				CLANG_WARN_CONSTANT_CONVERSION = YES;
				CLANG_WARN_DEPRECATED_OBJC_IMPLEMENTATIONS = YES;
				CLANG_WARN_DIRECT_OBJC_ISA_USAGE = YES_ERROR;
				CLANG_WARN_DOCUMENTATION_COMMENTS = YES;
				CLANG_WARN_EMPTY_BODY = YES;
				CLANG_WARN_ENUM_CONVERSION = YES;
				CLANG_WARN_INFINITE_RECURSION = YES;
				CLANG_WARN_INT_CONVERSION = YES;
				CLANG_WARN_NON_LITERAL_NULL_CONVERSION = YES;
				CLANG_WARN_OBJC_IMPLICIT_RETAIN_SELF = YES;
				CLANG_WARN_OBJC_LITERAL_CONVERSION = YES;
				CLANG_WARN_OBJC_ROOT_CLASS = YES_ERROR;
				CLANG_WARN_RANGE_LOOP_ANALYSIS = YES;
				CLANG_WARN_STRICT_PROTOTYPES = YES;
				CLANG_WARN_SUSPICIOUS_MOVE = YES;
				CLANG_WARN_UNGUARDED_AVAILABILITY = YES_AGGRESSIVE;
				CLANG_WARN_UNREACHABLE_CODE = YES;
				CLANG_WARN__DUPLICATE_METHOD_MATCH = YES;
				COPY_PHASE_STRIP = NO;
				DEBUG_INFORMATION_FORMAT = dwarf;
				ENABLE_STRICT_OBJC_MSGSEND = YES;
				ENABLE_TESTABILITY = YES;
				GCC_C_LANGUAGE_STANDARD = gnu11;
				GCC_DYNAMIC_NO_PIC = NO;
				GCC_NO_COMMON_BLOCKS = YES;
				GCC_OPTIMIZATION_LEVEL = 0;
				GCC_PREPROCESSOR_DEFINITIONS = (
					"DEBUG=1",
					"$(inherited)",
				);
				GCC_WARN_64_TO_32_BIT_CONVERSION = YES;
				GCC_WARN_ABOUT_RETURN_TYPE = YES_ERROR;
				GCC_WARN_UNDECLARED_SELECTOR = YES;
				GCC_WARN_UNINITIALIZED_AUTOS = YES_AGGRESSIVE;
				GCC_WARN_UNUSED_FUNCTION = YES;
				GCC_WARN_UNUSED_VARIABLE = YES;
				IPHONEOS_DEPLOYMENT_TARGET = 13.4;
				MTL_ENABLE_DEBUG_INFO = INCLUDE_SOURCE;
				MTL_FAST_MATH = YES;
				ONLY_ACTIVE_ARCH = YES;
				SDKROOT = iphoneos;
				SWIFT_ACTIVE_COMPILATION_CONDITIONS = DEBUG;
				SWIFT_OPTIMIZATION_LEVEL = "-Onone";
			};
			name = Debug;
		};
		8CAE09662467D3F900CB54FA /* Release */ = {
			isa = XCBuildConfiguration;
			buildSettings = {
				ALWAYS_SEARCH_USER_PATHS = NO;
				CLANG_ANALYZER_NONNULL = YES;
				CLANG_ANALYZER_NUMBER_OBJECT_CONVERSION = YES_AGGRESSIVE;
				CLANG_CXX_LANGUAGE_STANDARD = "gnu++14";
				CLANG_CXX_LIBRARY = "libc++";
				CLANG_ENABLE_MODULES = YES;
				CLANG_ENABLE_OBJC_ARC = YES;
				CLANG_ENABLE_OBJC_WEAK = YES;
				CLANG_WARN_BLOCK_CAPTURE_AUTORELEASING = YES;
				CLANG_WARN_BOOL_CONVERSION = YES;
				CLANG_WARN_COMMA = YES;
				CLANG_WARN_CONSTANT_CONVERSION = YES;
				CLANG_WARN_DEPRECATED_OBJC_IMPLEMENTATIONS = YES;
				CLANG_WARN_DIRECT_OBJC_ISA_USAGE = YES_ERROR;
				CLANG_WARN_DOCUMENTATION_COMMENTS = YES;
				CLANG_WARN_EMPTY_BODY = YES;
				CLANG_WARN_ENUM_CONVERSION = YES;
				CLANG_WARN_INFINITE_RECURSION = YES;
				CLANG_WARN_INT_CONVERSION = YES;
				CLANG_WARN_NON_LITERAL_NULL_CONVERSION = YES;
				CLANG_WARN_OBJC_IMPLICIT_RETAIN_SELF = YES;
				CLANG_WARN_OBJC_LITERAL_CONVERSION = YES;
				CLANG_WARN_OBJC_ROOT_CLASS = YES_ERROR;
				CLANG_WARN_RANGE_LOOP_ANALYSIS = YES;
				CLANG_WARN_STRICT_PROTOTYPES = YES;
				CLANG_WARN_SUSPICIOUS_MOVE = YES;
				CLANG_WARN_UNGUARDED_AVAILABILITY = YES_AGGRESSIVE;
				CLANG_WARN_UNREACHABLE_CODE = YES;
				CLANG_WARN__DUPLICATE_METHOD_MATCH = YES;
				COPY_PHASE_STRIP = NO;
				DEBUG_INFORMATION_FORMAT = "dwarf-with-dsym";
				ENABLE_NS_ASSERTIONS = NO;
				ENABLE_STRICT_OBJC_MSGSEND = YES;
				GCC_C_LANGUAGE_STANDARD = gnu11;
				GCC_NO_COMMON_BLOCKS = YES;
				GCC_WARN_64_TO_32_BIT_CONVERSION = YES;
				GCC_WARN_ABOUT_RETURN_TYPE = YES_ERROR;
				GCC_WARN_UNDECLARED_SELECTOR = YES;
				GCC_WARN_UNINITIALIZED_AUTOS = YES_AGGRESSIVE;
				GCC_WARN_UNUSED_FUNCTION = YES;
				GCC_WARN_UNUSED_VARIABLE = YES;
				IPHONEOS_DEPLOYMENT_TARGET = 13.4;
				MTL_ENABLE_DEBUG_INFO = NO;
				MTL_FAST_MATH = YES;
				SDKROOT = iphoneos;
				SWIFT_COMPILATION_MODE = wholemodule;
				SWIFT_OPTIMIZATION_LEVEL = "-O";
				VALIDATE_PRODUCT = YES;
			};
			name = Release;
		};
		8CAE09682467D3F900CB54FA /* Debug */ = {
			isa = XCBuildConfiguration;
			buildSettings = {
				ASSETCATALOG_COMPILER_APPICON_NAME = AppIcon;
				CODE_SIGN_STYLE = Automatic;
				DEVELOPMENT_TEAM = 4VA5NBL27P;
				INFOPLIST_FILE = "N'sSimpleGame/Info.plist";
				LD_RUNPATH_SEARCH_PATHS = (
					"$(inherited)",
					"@executable_path/Frameworks",
				);
				PRODUCT_BUNDLE_IDENTIFIER = "com.gmail.tukareta.nori.N-sSimpleGame";
				PRODUCT_NAME = "$(TARGET_NAME)";
				SWIFT_VERSION = 5.0;
				TARGETED_DEVICE_FAMILY = 1;
			};
			name = Debug;
		};
		8CAE09692467D3F900CB54FA /* Release */ = {
			isa = XCBuildConfiguration;
			buildSettings = {
				ASSETCATALOG_COMPILER_APPICON_NAME = AppIcon;
				CODE_SIGN_STYLE = Automatic;
				DEVELOPMENT_TEAM = 4VA5NBL27P;
				INFOPLIST_FILE = "N'sSimpleGame/Info.plist";
				LD_RUNPATH_SEARCH_PATHS = (
					"$(inherited)",
					"@executable_path/Frameworks",
				);
				PRODUCT_BUNDLE_IDENTIFIER = "com.gmail.tukareta.nori.N-sSimpleGame";
				PRODUCT_NAME = "$(TARGET_NAME)";
				SWIFT_VERSION = 5.0;
				TARGETED_DEVICE_FAMILY = 1;
			};
			name = Release;
		};
/* End XCBuildConfiguration section */

/* Begin XCConfigurationList section */
		8CAE094E2467D3F900CB54FA /* Build configuration list for PBXProject "N'sSimpleGame" */ = {
			isa = XCConfigurationList;
			buildConfigurations = (
				8CAE09652467D3F900CB54FA /* Debug */,
				8CAE09662467D3F900CB54FA /* Release */,
			);
			defaultConfigurationIsVisible = 0;
			defaultConfigurationName = Release;
		};
		8CAE09672467D3F900CB54FA /* Build configuration list for PBXNativeTarget "N'sSimpleGame" */ = {
			isa = XCConfigurationList;
			buildConfigurations = (
				8CAE09682467D3F900CB54FA /* Debug */,
				8CAE09692467D3F900CB54FA /* Release */,
			);
			defaultConfigurationIsVisible = 0;
			defaultConfigurationName = Release;
		};
/* End XCConfigurationList section */
	};
	rootObject = 8CAE094B2467D3F900CB54FA /* Project object */;
}
